
Microsoft Visual Studio Solution File, Format Version 12.00
# Visual Studio Version 17
VisualStudioVersion = 17.2.32519.379
MinimumVisualStudioVersion = 10.0.40219.1
Project("{9A19103F-16F7-4668-BE54-9A1E7A4F7556}") = "Mostafa.Domain", "Mostafa.Domain\Mostafa.Domain.csproj", "{A837DF14-8D55-4A2B-8EF4-746CBC825E0F}"
EndProject
Project("{2150E333-8FDC-42A3-9474-1A3956D46DE8}") = "Doc", "Doc", "{D9701F49-1F26-4D35-A9E5-07294B9C6306}"
EndProject
Project("{2150E333-8FDC-42A3-9474-1A3956D46DE8}") = "Test", "Test", "{34D872CC-54D1-4260-8AFC-E57FE97B937D}"
EndProject
Project("{2150E333-8FDC-42A3-9474-1A3956D46DE8}") = "Src", "Src", "{87059602-2022-46C4-9AE6-E8058B89823B}"
EndProject
Project("{2150E333-8FDC-42A3-9474-1A3956D46DE8}") = "Core", "Core", "{09CD28EE-78FB-4EB3-934D-C12FCEFE6604}"
EndProject
Project("{2150E333-8FDC-42A3-9474-1A3956D46DE8}") = "Infrastructure", "Infrastructure", "{E02CFE15-9F52-4113-8098-1767A5E512B1}"
EndProject
Project("{2150E333-8FDC-42A3-9474-1A3956D46DE8}") = "Presentation", "Presentation", "{99ED2C3B-17DA-4B2E-9520-E8E2E56D1BA0}"
EndProject
Project("{2150E333-8FDC-42A3-9474-1A3956D46DE8}") = "Common", "Common", "{ED126A75-BC0A-44D5-8461-4638354216BE}"
EndProject
Project("{9A19103F-16F7-4668-BE54-9A1E7A4F7556}") = "Mostafa.Application", "Mostafa.Application\Mostafa.Application.csproj", "{82C68761-69F1-43A1-A6E5-96ED200B1B90}"
EndProject
Project("{9A19103F-16F7-4668-BE54-9A1E7A4F7556}") = "Mostafa.Persistence", "Mostafa.Persistence\Mostafa.Persistence.csproj", "{45E2272C-6249-4489-9D26-22CCB6FC19F9}"
EndProject
Project("{9A19103F-16F7-4668-BE54-9A1E7A4F7556}") = "Mostafa.Common", "Mostafa.Common\Mostafa.Common.csproj", "{5C6ACAE9-5F9A-42F7-B9F2-4CFCF0E608D1}"
EndProject
Project("{9A19103F-16F7-4668-BE54-9A1E7A4F7556}") = "Endpoint.ServiceHost", "Endpoint.ServiceHost\Endpoint.ServiceHost.csproj", "{B18778C3-62EB-4C22-A74A-2CAE84DF76B5}"
EndProject
Global
	GlobalSection(SolutionConfigurationPlatforms) = preSolution
		Debug|Any CPU = Debug|Any CPU
		Release|Any CPU = Release|Any CPU
	EndGlobalSection
	GlobalSection(ProjectConfigurationPlatforms) = postSolution
		{A837DF14-8D55-4A2B-8EF4-746CBC825E0F}.Debug|Any CPU.ActiveCfg = Debug|Any CPU
		{A837DF14-8D55-4A2B-8EF4-746CBC825E0F}.Debug|Any CPU.Build.0 = Debug|Any CPU
		{A837DF14-8D55-4A2B-8EF4-746CBC825E0F}.Release|Any CPU.ActiveCfg = Release|Any CPU
		{A837DF14-8D55-4A2B-8EF4-746CBC825E0F}.Release|Any CPU.Build.0 = Release|Any CPU
		{82C68761-69F1-43A1-A6E5-96ED200B1B90}.Debug|Any CPU.ActiveCfg = Debug|Any CPU
		{82C68761-69F1-43A1-A6E5-96ED200B1B90}.Debug|Any CPU.Build.0 = Debug|Any CPU
		{82C68761-69F1-43A1-A6E5-96ED200B1B90}.Release|Any CPU.ActiveCfg = Release|Any CPU
		{82C68761-69F1-43A1-A6E5-96ED200B1B90}.Release|Any CPU.Build.0 = Release|Any CPU
		{45E2272C-6249-4489-9D26-22CCB6FC19F9}.Debug|Any CPU.ActiveCfg = Debug|Any CPU
		{45E2272C-6249-4489-9D26-22CCB6FC19F9}.Debug|Any CPU.Build.0 = Debug|Any CPU
		{45E2272C-6249-4489-9D26-22CCB6FC19F9}.Release|Any CPU.ActiveCfg = Release|Any CPU
		{45E2272C-6249-4489-9D26-22CCB6FC19F9}.Release|Any CPU.Build.0 = Release|Any CPU
		{5C6ACAE9-5F9A-42F7-B9F2-4CFCF0E608D1}.Debug|Any CPU.ActiveCfg = Debug|Any CPU
		{5C6ACAE9-5F9A-42F7-B9F2-4CFCF0E608D1}.Debug|Any CPU.Build.0 = Debug|Any CPU
		{5C6ACAE9-5F9A-42F7-B9F2-4CFCF0E608D1}.Release|Any CPU.ActiveCfg = Release|Any CPU
		{5C6ACAE9-5F9A-42F7-B9F2-4CFCF0E608D1}.Release|Any CPU.Build.0 = Release|Any CPU
		{B18778C3-62EB-4C22-A74A-2CAE84DF76B5}.Debug|Any CPU.ActiveCfg = Debug|Any CPU
		{B18778C3-62EB-4C22-A74A-2CAE84DF76B5}.Debug|Any CPU.Build.0 = Debug|Any CPU
		{B18778C3-62EB-4C22-A74A-2CAE84DF76B5}.Release|Any CPU.ActiveCfg = Release|Any CPU
		{B18778C3-62EB-4C22-A74A-2CAE84DF76B5}.Release|Any CPU.Build.0 = Release|Any CPU
	EndGlobalSection
	GlobalSection(SolutionProperties) = preSolution
		HideSolutionNode = FALSE
	EndGlobalSection
	GlobalSection(NestedProjects) = preSolution
		{A837DF14-8D55-4A2B-8EF4-746CBC825E0F} = {09CD28EE-78FB-4EB3-934D-C12FCEFE6604}
		{09CD28EE-78FB-4EB3-934D-C12FCEFE6604} = {87059602-2022-46C4-9AE6-E8058B89823B}
		{E02CFE15-9F52-4113-8098-1767A5E512B1} = {87059602-2022-46C4-9AE6-E8058B89823B}
		{99ED2C3B-17DA-4B2E-9520-E8E2E56D1BA0} = {87059602-2022-46C4-9AE6-E8058B89823B}
		{ED126A75-BC0A-44D5-8461-4638354216BE} = {87059602-2022-46C4-9AE6-E8058B89823B}
		{82C68761-69F1-43A1-A6E5-96ED200B1B90} = {09CD28EE-78FB-4EB3-934D-C12FCEFE6604}
		{45E2272C-6249-4489-9D26-22CCB6FC19F9} = {E02CFE15-9F52-4113-8098-1767A5E512B1}
		{5C6ACAE9-5F9A-42F7-B9F2-4CFCF0E608D1} = {ED126A75-BC0A-44D5-8461-4638354216BE}
		{B18778C3-62EB-4C22-A74A-2CAE84DF76B5} = {99ED2C3B-17DA-4B2E-9520-E8E2E56D1BA0}
	EndGlobalSection
	GlobalSection(ExtensibilityGlobals) = postSolution
		SolutionGuid = {AFBACEE9-5356-4295-813D-BB03CE6D99E0}
	EndGlobalSection
EndGlobal
